
Microsoft Visual Studio Solution File, Format Version 12.00
# Visual Studio 14
VisualStudioVersion = 14.0.25420.1
MinimumVisualStudioVersion = 10.0.40219.1
Project("{FAE04EC0-301F-11D3-BF4B-00C04F79EFBC}") = "AverageGrades", "AverageGrades\AverageGrades.csproj", "{563B05AC-CD3D-416D-A26D-E512D9929760}"
EndProject
Project("{FAE04EC0-301F-11D3-BF4B-00C04F79EFBC}") = "BookLibrary", "BookLibrary\BookLibrary.csproj", "{C16ED357-3254-4E43-9CFD-990DB0DCA56D}"
EndProject
Project("{FAE04EC0-301F-11D3-BF4B-00C04F79EFBC}") = "BookLibraryModification", "BookLibraryModification\BookLibraryModification.csproj", "{8AD76DA2-5964-4028-B13A-7A36A62219A2}"
EndProject
Project("{FAE04EC0-301F-11D3-BF4B-00C04F79EFBC}") = "AndreyAndBilliard", "AndreyAndBilliard\AndreyAndBilliard.csproj", "{640857E8-997B-4027-BCCB-CCE9C2E5FE1A}"
EndProject
Project("{FAE04EC0-301F-11D3-BF4B-00C04F79EFBC}") = "MentorGroup", "MentorGroup\MentorGroup.csproj", "{9198C42E-38A3-40F5-8C66-C9C77E6DAD64}"
EndProject
Project("{FAE04EC0-301F-11D3-BF4B-00C04F79EFBC}") = "CountWorkingDays", "CountWorkingDays\CountWorkingDays.csproj", "{897E2372-3BAC-4F62-95A9-AEC98EDF4001}"
EndProject
Project("{FAE04EC0-301F-11D3-BF4B-00C04F79EFBC}") = "AdvertismentMessage", "AdvertismentMessage\AdvertismentMessage.csproj", "{988D7B7F-EEED-46DD-A48A-8EE93122F5B5}"
EndProject
Project("{FAE04EC0-301F-11D3-BF4B-00C04F79EFBC}") = "CircleIntersection", "CircleIntersection\CircleIntersection.csproj", "{BE31A781-ABA5-4C7B-AB7F-A0BCD471323A}"
EndProject
Global
	GlobalSection(SolutionConfigurationPlatforms) = preSolution
		Debug|Any CPU = Debug|Any CPU
		Release|Any CPU = Release|Any CPU
	EndGlobalSection
	GlobalSection(ProjectConfigurationPlatforms) = postSolution
		{563B05AC-CD3D-416D-A26D-E512D9929760}.Debug|Any CPU.ActiveCfg = Debug|Any CPU
		{563B05AC-CD3D-416D-A26D-E512D9929760}.Debug|Any CPU.Build.0 = Debug|Any CPU
		{563B05AC-CD3D-416D-A26D-E512D9929760}.Release|Any CPU.ActiveCfg = Release|Any CPU
		{563B05AC-CD3D-416D-A26D-E512D9929760}.Release|Any CPU.Build.0 = Release|Any CPU
		{C16ED357-3254-4E43-9CFD-990DB0DCA56D}.Debug|Any CPU.ActiveCfg = Debug|Any CPU
		{C16ED357-3254-4E43-9CFD-990DB0DCA56D}.Debug|Any CPU.Build.0 = Debug|Any CPU
		{C16ED357-3254-4E43-9CFD-990DB0DCA56D}.Release|Any CPU.ActiveCfg = Release|Any CPU
		{C16ED357-3254-4E43-9CFD-990DB0DCA56D}.Release|Any CPU.Build.0 = Release|Any CPU
		{8AD76DA2-5964-4028-B13A-7A36A62219A2}.Debug|Any CPU.ActiveCfg = Debug|Any CPU
		{8AD76DA2-5964-4028-B13A-7A36A62219A2}.Debug|Any CPU.Build.0 = Debug|Any CPU
		{8AD76DA2-5964-4028-B13A-7A36A62219A2}.Release|Any CPU.ActiveCfg = Release|Any CPU
		{8AD76DA2-5964-4028-B13A-7A36A62219A2}.Release|Any CPU.Build.0 = Release|Any CPU
		{640857E8-997B-4027-BCCB-CCE9C2E5FE1A}.Debug|Any CPU.ActiveCfg = Debug|Any CPU
		{640857E8-997B-4027-BCCB-CCE9C2E5FE1A}.Debug|Any CPU.Build.0 = Debug|Any CPU
		{640857E8-997B-4027-BCCB-CCE9C2E5FE1A}.Release|Any CPU.ActiveCfg = Release|Any CPU
		{640857E8-997B-4027-BCCB-CCE9C2E5FE1A}.Release|Any CPU.Build.0 = Release|Any CPU
		{9198C42E-38A3-40F5-8C66-C9C77E6DAD64}.Debug|Any CPU.ActiveCfg = Debug|Any CPU
		{9198C42E-38A3-40F5-8C66-C9C77E6DAD64}.Debug|Any CPU.Build.0 = Debug|Any CPU
		{9198C42E-38A3-40F5-8C66-C9C77E6DAD64}.Release|Any CPU.ActiveCfg = Release|Any CPU
		{9198C42E-38A3-40F5-8C66-C9C77E6DAD64}.Release|Any CPU.Build.0 = Release|Any CPU
		{897E2372-3BAC-4F62-95A9-AEC98EDF4001}.Debug|Any CPU.ActiveCfg = Debug|Any CPU
		{897E2372-3BAC-4F62-95A9-AEC98EDF4001}.Debug|Any CPU.Build.0 = Debug|Any CPU
		{897E2372-3BAC-4F62-95A9-AEC98EDF4001}.Release|Any CPU.ActiveCfg = Release|Any CPU
		{897E2372-3BAC-4F62-95A9-AEC98EDF4001}.Release|Any CPU.Build.0 = Release|Any CPU
		{988D7B7F-EEED-46DD-A48A-8EE93122F5B5}.Debug|Any CPU.ActiveCfg = Debug|Any CPU
		{988D7B7F-EEED-46DD-A48A-8EE93122F5B5}.Debug|Any CPU.Build.0 = Debug|Any CPU
		{988D7B7F-EEED-46DD-A48A-8EE93122F5B5}.Release|Any CPU.ActiveCfg = Release|Any CPU
		{988D7B7F-EEED-46DD-A48A-8EE93122F5B5}.Release|Any CPU.Build.0 = Release|Any CPU
		{BE31A781-ABA5-4C7B-AB7F-A0BCD471323A}.Debug|Any CPU.ActiveCfg = Debug|Any CPU
		{BE31A781-ABA5-4C7B-AB7F-A0BCD471323A}.Debug|Any CPU.Build.0 = Debug|Any CPU
		{BE31A781-ABA5-4C7B-AB7F-A0BCD471323A}.Release|Any CPU.ActiveCfg = Release|Any CPU
		{BE31A781-ABA5-4C7B-AB7F-A0BCD471323A}.Release|Any CPU.Build.0 = Release|Any CPU
	EndGlobalSection
	GlobalSection(SolutionProperties) = preSolution
		HideSolutionNode = FALSE
	EndGlobalSection
EndGlobal
