
Microsoft Visual Studio Solution File, Format Version 12.00
# Visual Studio 14
VisualStudioVersion = 14.0.25420.1
MinimumVisualStudioVersion = 10.0.40219.1
Project("{FAE04EC0-301F-11D3-BF4B-00C04F79EFBC}") = "MaxSequenceOfEqualElements", "MaxSequenceOfEqualElements\MaxSequenceOfEqualElements.csproj", "{10382B60-AF6B-4BE9-889A-B8BC11671CC8}"
EndProject
Project("{FAE04EC0-301F-11D3-BF4B-00C04F79EFBC}") = "SumReversedNumbers", "SumReversedNumbers\SumReversedNumbers.csproj", "{26B0004D-6BA9-4A0E-95A6-389451285A27}"
EndProject
Project("{FAE04EC0-301F-11D3-BF4B-00C04F79EFBC}") = "BombNumbers", "BombNumbers\BombNumbers.csproj", "{79D9C4DF-53B7-48AD-826B-E36A40C55F30}"
EndProject
Project("{FAE04EC0-301F-11D3-BF4B-00C04F79EFBC}") = "LongestIncreasingSubsequence", "LongestIncreasingSubsequence\LongestIncreasingSubsequence.csproj", "{B3CB34F9-E54E-4D1E-ACE9-4E0D1FA4658A}"
EndProject
Project("{FAE04EC0-301F-11D3-BF4B-00C04F79EFBC}") = "ArrayManipulation", "ArrayManipulation\ArrayManipulation.csproj", "{111EE7C5-5145-40C4-AD09-FC016983A108}"
EndProject
Global
	GlobalSection(SolutionConfigurationPlatforms) = preSolution
		Debug|Any CPU = Debug|Any CPU
		Release|Any CPU = Release|Any CPU
	EndGlobalSection
	GlobalSection(ProjectConfigurationPlatforms) = postSolution
		{10382B60-AF6B-4BE9-889A-B8BC11671CC8}.Debug|Any CPU.ActiveCfg = Debug|Any CPU
		{10382B60-AF6B-4BE9-889A-B8BC11671CC8}.Debug|Any CPU.Build.0 = Debug|Any CPU
		{10382B60-AF6B-4BE9-889A-B8BC11671CC8}.Release|Any CPU.ActiveCfg = Release|Any CPU
		{10382B60-AF6B-4BE9-889A-B8BC11671CC8}.Release|Any CPU.Build.0 = Release|Any CPU
		{26B0004D-6BA9-4A0E-95A6-389451285A27}.Debug|Any CPU.ActiveCfg = Debug|Any CPU
		{26B0004D-6BA9-4A0E-95A6-389451285A27}.Debug|Any CPU.Build.0 = Debug|Any CPU
		{26B0004D-6BA9-4A0E-95A6-389451285A27}.Release|Any CPU.ActiveCfg = Release|Any CPU
		{26B0004D-6BA9-4A0E-95A6-389451285A27}.Release|Any CPU.Build.0 = Release|Any CPU
		{79D9C4DF-53B7-48AD-826B-E36A40C55F30}.Debug|Any CPU.ActiveCfg = Debug|Any CPU
		{79D9C4DF-53B7-48AD-826B-E36A40C55F30}.Debug|Any CPU.Build.0 = Debug|Any CPU
		{79D9C4DF-53B7-48AD-826B-E36A40C55F30}.Release|Any CPU.ActiveCfg = Release|Any CPU
		{79D9C4DF-53B7-48AD-826B-E36A40C55F30}.Release|Any CPU.Build.0 = Release|Any CPU
		{B3CB34F9-E54E-4D1E-ACE9-4E0D1FA4658A}.Debug|Any CPU.ActiveCfg = Debug|Any CPU
		{B3CB34F9-E54E-4D1E-ACE9-4E0D1FA4658A}.Debug|Any CPU.Build.0 = Debug|Any CPU
		{B3CB34F9-E54E-4D1E-ACE9-4E0D1FA4658A}.Release|Any CPU.ActiveCfg = Release|Any CPU
		{B3CB34F9-E54E-4D1E-ACE9-4E0D1FA4658A}.Release|Any CPU.Build.0 = Release|Any CPU
		{111EE7C5-5145-40C4-AD09-FC016983A108}.Debug|Any CPU.ActiveCfg = Debug|Any CPU
		{111EE7C5-5145-40C4-AD09-FC016983A108}.Debug|Any CPU.Build.0 = Debug|Any CPU
		{111EE7C5-5145-40C4-AD09-FC016983A108}.Release|Any CPU.ActiveCfg = Release|Any CPU
		{111EE7C5-5145-40C4-AD09-FC016983A108}.Release|Any CPU.Build.0 = Release|Any CPU
	EndGlobalSection
	GlobalSection(SolutionProperties) = preSolution
		HideSolutionNode = FALSE
	EndGlobalSection
EndGlobal
