
Microsoft Visual Studio Solution File, Format Version 12.00
# Visual Studio 14
VisualStudioVersion = 14.0.25420.1
MinimumVisualStudioVersion = 10.0.40219.1
Project("{FAE04EC0-301F-11D3-BF4B-00C04F79EFBC}") = "HornetWings", "HornetWings\HornetWings.csproj", "{00AD9C05-0135-4F84-8B4E-C80E0A6FA3A7}"
EndProject
Project("{FAE04EC0-301F-11D3-BF4B-00C04F79EFBC}") = "HornetComm", "HornetComm\HornetComm.csproj", "{40B37005-7C27-4258-AD9E-DEEBFB7D5CBE}"
EndProject
Project("{FAE04EC0-301F-11D3-BF4B-00C04F79EFBC}") = "HornetAssaut", "HornetAssaut\HornetAssaut.csproj", "{9EB1B4AA-7F5E-49B5-875C-CFE287B185C1}"
EndProject
Project("{FAE04EC0-301F-11D3-BF4B-00C04F79EFBC}") = "HornetArmada", "HornetArmada\HornetArmada.csproj", "{01155A96-F9CB-4368-98CF-7723AEA6B798}"
EndProject
Project("{FAE04EC0-301F-11D3-BF4B-00C04F79EFBC}") = "HornetArmada2", "HornetArmada2\HornetArmada2.csproj", "{A6B0E857-1B03-4476-ACE7-EA42369C9484}"
EndProject
Global
	GlobalSection(SolutionConfigurationPlatforms) = preSolution
		Debug|Any CPU = Debug|Any CPU
		Release|Any CPU = Release|Any CPU
	EndGlobalSection
	GlobalSection(ProjectConfigurationPlatforms) = postSolution
		{00AD9C05-0135-4F84-8B4E-C80E0A6FA3A7}.Debug|Any CPU.ActiveCfg = Debug|Any CPU
		{00AD9C05-0135-4F84-8B4E-C80E0A6FA3A7}.Debug|Any CPU.Build.0 = Debug|Any CPU
		{00AD9C05-0135-4F84-8B4E-C80E0A6FA3A7}.Release|Any CPU.ActiveCfg = Release|Any CPU
		{00AD9C05-0135-4F84-8B4E-C80E0A6FA3A7}.Release|Any CPU.Build.0 = Release|Any CPU
		{40B37005-7C27-4258-AD9E-DEEBFB7D5CBE}.Debug|Any CPU.ActiveCfg = Debug|Any CPU
		{40B37005-7C27-4258-AD9E-DEEBFB7D5CBE}.Debug|Any CPU.Build.0 = Debug|Any CPU
		{40B37005-7C27-4258-AD9E-DEEBFB7D5CBE}.Release|Any CPU.ActiveCfg = Release|Any CPU
		{40B37005-7C27-4258-AD9E-DEEBFB7D5CBE}.Release|Any CPU.Build.0 = Release|Any CPU
		{9EB1B4AA-7F5E-49B5-875C-CFE287B185C1}.Debug|Any CPU.ActiveCfg = Debug|Any CPU
		{9EB1B4AA-7F5E-49B5-875C-CFE287B185C1}.Debug|Any CPU.Build.0 = Debug|Any CPU
		{9EB1B4AA-7F5E-49B5-875C-CFE287B185C1}.Release|Any CPU.ActiveCfg = Release|Any CPU
		{9EB1B4AA-7F5E-49B5-875C-CFE287B185C1}.Release|Any CPU.Build.0 = Release|Any CPU
		{01155A96-F9CB-4368-98CF-7723AEA6B798}.Debug|Any CPU.ActiveCfg = Debug|Any CPU
		{01155A96-F9CB-4368-98CF-7723AEA6B798}.Debug|Any CPU.Build.0 = Debug|Any CPU
		{01155A96-F9CB-4368-98CF-7723AEA6B798}.Release|Any CPU.ActiveCfg = Release|Any CPU
		{01155A96-F9CB-4368-98CF-7723AEA6B798}.Release|Any CPU.Build.0 = Release|Any CPU
		{A6B0E857-1B03-4476-ACE7-EA42369C9484}.Debug|Any CPU.ActiveCfg = Debug|Any CPU
		{A6B0E857-1B03-4476-ACE7-EA42369C9484}.Debug|Any CPU.Build.0 = Debug|Any CPU
		{A6B0E857-1B03-4476-ACE7-EA42369C9484}.Release|Any CPU.ActiveCfg = Release|Any CPU
		{A6B0E857-1B03-4476-ACE7-EA42369C9484}.Release|Any CPU.Build.0 = Release|Any CPU
	EndGlobalSection
	GlobalSection(SolutionProperties) = preSolution
		HideSolutionNode = FALSE
	EndGlobalSection
EndGlobal
