
Microsoft Visual Studio Solution File, Format Version 12.00
# Visual Studio 14
VisualStudioVersion = 14.0.25420.1
MinimumVisualStudioVersion = 10.0.40219.1
Project("{FAE04EC0-301F-11D3-BF4B-00C04F79EFBC}") = "Phonebook", "Phonebook\Phonebook.csproj", "{5F1F71F5-ADE5-4576-8948-A446644B2A8A}"
EndProject
Project("{FAE04EC0-301F-11D3-BF4B-00C04F79EFBC}") = "PhonebookUpgrade", "PhonebookUpgrade\PhonebookUpgrade.csproj", "{82D68CD2-CA66-4D8C-B8E0-48337F72C0D0}"
EndProject
Project("{FAE04EC0-301F-11D3-BF4B-00C04F79EFBC}") = "MinerTask", "MinerTask\MinerTask.csproj", "{EB54D8AF-2A1F-445C-830C-FC4646FCB037}"
EndProject
Project("{FAE04EC0-301F-11D3-BF4B-00C04F79EFBC}") = "FixEmails", "FixEmails\FixEmails.csproj", "{5D5436B3-1DBC-4BBC-B7F5-4D8604FF1886}"
EndProject
Project("{FAE04EC0-301F-11D3-BF4B-00C04F79EFBC}") = "HandsOfCards", "HandsOfCards\HandsOfCards.csproj", "{205A1E1E-1C95-4995-BAA5-F6FB3FC0EEB9}"
EndProject
Project("{FAE04EC0-301F-11D3-BF4B-00C04F79EFBC}") = "DragonArmy", "DragonArmy\DragonArmy.csproj", "{88ECF56A-7C18-4918-8CC6-9BB44A388EC7}"
EndProject
Project("{FAE04EC0-301F-11D3-BF4B-00C04F79EFBC}") = "UserLogs", "UserLogs\UserLogs.csproj", "{F3F2FAEE-680C-4FE3-81DE-C85DA63CD1B2}"
EndProject
Project("{FAE04EC0-301F-11D3-BF4B-00C04F79EFBC}") = "PopulationCounter", "PopulationCounter\PopulationCounter.csproj", "{F24F3A53-0001-4341-AFD4-73CDD7A7704F}"
EndProject
Project("{FAE04EC0-301F-11D3-BF4B-00C04F79EFBC}") = "LogsAggregator", "LogsAggregator\LogsAggregator.csproj", "{1495B203-2DC3-4471-8E61-995B52AFAB62}"
EndProject
Project("{FAE04EC0-301F-11D3-BF4B-00C04F79EFBC}") = "LegendaryFarming", "LegendaryFarming\LegendaryFarming.csproj", "{FD77EB9A-4BF5-4CEE-851C-72C819FFAE72}"
EndProject
Project("{FAE04EC0-301F-11D3-BF4B-00C04F79EFBC}") = "SrabskoUnleashed", "SrabskoUnleashed\SrabskoUnleashed.csproj", "{A9EF6867-DF82-44A1-9B1B-F0A9F0E6EAC1}"
EndProject
Global
	GlobalSection(SolutionConfigurationPlatforms) = preSolution
		Debug|Any CPU = Debug|Any CPU
		Release|Any CPU = Release|Any CPU
	EndGlobalSection
	GlobalSection(ProjectConfigurationPlatforms) = postSolution
		{5F1F71F5-ADE5-4576-8948-A446644B2A8A}.Debug|Any CPU.ActiveCfg = Debug|Any CPU
		{5F1F71F5-ADE5-4576-8948-A446644B2A8A}.Debug|Any CPU.Build.0 = Debug|Any CPU
		{5F1F71F5-ADE5-4576-8948-A446644B2A8A}.Release|Any CPU.ActiveCfg = Release|Any CPU
		{5F1F71F5-ADE5-4576-8948-A446644B2A8A}.Release|Any CPU.Build.0 = Release|Any CPU
		{82D68CD2-CA66-4D8C-B8E0-48337F72C0D0}.Debug|Any CPU.ActiveCfg = Debug|Any CPU
		{82D68CD2-CA66-4D8C-B8E0-48337F72C0D0}.Debug|Any CPU.Build.0 = Debug|Any CPU
		{82D68CD2-CA66-4D8C-B8E0-48337F72C0D0}.Release|Any CPU.ActiveCfg = Release|Any CPU
		{82D68CD2-CA66-4D8C-B8E0-48337F72C0D0}.Release|Any CPU.Build.0 = Release|Any CPU
		{EB54D8AF-2A1F-445C-830C-FC4646FCB037}.Debug|Any CPU.ActiveCfg = Debug|Any CPU
		{EB54D8AF-2A1F-445C-830C-FC4646FCB037}.Debug|Any CPU.Build.0 = Debug|Any CPU
		{EB54D8AF-2A1F-445C-830C-FC4646FCB037}.Release|Any CPU.ActiveCfg = Release|Any CPU
		{EB54D8AF-2A1F-445C-830C-FC4646FCB037}.Release|Any CPU.Build.0 = Release|Any CPU
		{5D5436B3-1DBC-4BBC-B7F5-4D8604FF1886}.Debug|Any CPU.ActiveCfg = Debug|Any CPU
		{5D5436B3-1DBC-4BBC-B7F5-4D8604FF1886}.Debug|Any CPU.Build.0 = Debug|Any CPU
		{5D5436B3-1DBC-4BBC-B7F5-4D8604FF1886}.Release|Any CPU.ActiveCfg = Release|Any CPU
		{5D5436B3-1DBC-4BBC-B7F5-4D8604FF1886}.Release|Any CPU.Build.0 = Release|Any CPU
		{205A1E1E-1C95-4995-BAA5-F6FB3FC0EEB9}.Debug|Any CPU.ActiveCfg = Debug|Any CPU
		{205A1E1E-1C95-4995-BAA5-F6FB3FC0EEB9}.Debug|Any CPU.Build.0 = Debug|Any CPU
		{205A1E1E-1C95-4995-BAA5-F6FB3FC0EEB9}.Release|Any CPU.ActiveCfg = Release|Any CPU
		{205A1E1E-1C95-4995-BAA5-F6FB3FC0EEB9}.Release|Any CPU.Build.0 = Release|Any CPU
		{88ECF56A-7C18-4918-8CC6-9BB44A388EC7}.Debug|Any CPU.ActiveCfg = Debug|Any CPU
		{88ECF56A-7C18-4918-8CC6-9BB44A388EC7}.Debug|Any CPU.Build.0 = Debug|Any CPU
		{88ECF56A-7C18-4918-8CC6-9BB44A388EC7}.Release|Any CPU.ActiveCfg = Release|Any CPU
		{88ECF56A-7C18-4918-8CC6-9BB44A388EC7}.Release|Any CPU.Build.0 = Release|Any CPU
		{F3F2FAEE-680C-4FE3-81DE-C85DA63CD1B2}.Debug|Any CPU.ActiveCfg = Debug|Any CPU
		{F3F2FAEE-680C-4FE3-81DE-C85DA63CD1B2}.Debug|Any CPU.Build.0 = Debug|Any CPU
		{F3F2FAEE-680C-4FE3-81DE-C85DA63CD1B2}.Release|Any CPU.ActiveCfg = Release|Any CPU
		{F3F2FAEE-680C-4FE3-81DE-C85DA63CD1B2}.Release|Any CPU.Build.0 = Release|Any CPU
		{F24F3A53-0001-4341-AFD4-73CDD7A7704F}.Debug|Any CPU.ActiveCfg = Debug|Any CPU
		{F24F3A53-0001-4341-AFD4-73CDD7A7704F}.Debug|Any CPU.Build.0 = Debug|Any CPU
		{F24F3A53-0001-4341-AFD4-73CDD7A7704F}.Release|Any CPU.ActiveCfg = Release|Any CPU
		{F24F3A53-0001-4341-AFD4-73CDD7A7704F}.Release|Any CPU.Build.0 = Release|Any CPU
		{1495B203-2DC3-4471-8E61-995B52AFAB62}.Debug|Any CPU.ActiveCfg = Debug|Any CPU
		{1495B203-2DC3-4471-8E61-995B52AFAB62}.Debug|Any CPU.Build.0 = Debug|Any CPU
		{1495B203-2DC3-4471-8E61-995B52AFAB62}.Release|Any CPU.ActiveCfg = Release|Any CPU
		{1495B203-2DC3-4471-8E61-995B52AFAB62}.Release|Any CPU.Build.0 = Release|Any CPU
		{FD77EB9A-4BF5-4CEE-851C-72C819FFAE72}.Debug|Any CPU.ActiveCfg = Debug|Any CPU
		{FD77EB9A-4BF5-4CEE-851C-72C819FFAE72}.Debug|Any CPU.Build.0 = Debug|Any CPU
		{FD77EB9A-4BF5-4CEE-851C-72C819FFAE72}.Release|Any CPU.ActiveCfg = Release|Any CPU
		{FD77EB9A-4BF5-4CEE-851C-72C819FFAE72}.Release|Any CPU.Build.0 = Release|Any CPU
		{A9EF6867-DF82-44A1-9B1B-F0A9F0E6EAC1}.Debug|Any CPU.ActiveCfg = Debug|Any CPU
		{A9EF6867-DF82-44A1-9B1B-F0A9F0E6EAC1}.Debug|Any CPU.Build.0 = Debug|Any CPU
		{A9EF6867-DF82-44A1-9B1B-F0A9F0E6EAC1}.Release|Any CPU.ActiveCfg = Release|Any CPU
		{A9EF6867-DF82-44A1-9B1B-F0A9F0E6EAC1}.Release|Any CPU.Build.0 = Release|Any CPU
	EndGlobalSection
	GlobalSection(SolutionProperties) = preSolution
		HideSolutionNode = FALSE
	EndGlobalSection
EndGlobal
